
Microsoft Visual Studio Solution File, Format Version 12.00
# Visual Studio Version 17
VisualStudioVersion = 17.8.34316.72
MinimumVisualStudioVersion = 10.0.40219.1
Project("{FAE04EC0-301F-11D3-BF4B-00C04F79EFBC}") = "XO Game", "XO Game.csproj", "{4DE04B8A-EF01-4F52-B103-74DC72F12D54}"
EndProject
Global
	GlobalSection(SolutionConfigurationPlatforms) = preSolution
		Debug|Any CPU = Debug|Any CPU
		Release|Any CPU = Release|Any CPU
	EndGlobalSection
	GlobalSection(ProjectConfigurationPlatforms) = postSolution
		{4DE04B8A-EF01-4F52-B103-74DC72F12D54}.Debug|Any CPU.ActiveCfg = Debug|Any CPU
		{4DE04B8A-EF01-4F52-B103-74DC72F12D54}.Debug|Any CPU.Build.0 = Debug|Any CPU
		{4DE04B8A-EF01-4F52-B103-74DC72F12D54}.Release|Any CPU.ActiveCfg = Release|Any CPU
		{4DE04B8A-EF01-4F52-B103-74DC72F12D54}.Release|Any CPU.Build.0 = Release|Any CPU
	EndGlobalSection
	GlobalSection(SolutionProperties) = preSolution
		HideSolutionNode = FALSE
	EndGlobalSection
	GlobalSection(ExtensibilityGlobals) = postSolution
		SolutionGuid = {19098D36-4F24-4BC9-94C1-D09A0251A1F2}
	EndGlobalSection
EndGlobal
